github.com/aws/aws-sdk-go-v2 v1.43.8 h1:fpnrxwuwsoGIgjvgLeDU3y9w7YaHBxyF6AF3vQL8duw=
github.com/aws/aws-sdk-go-v2 v1.43.8/go.mod h1:j7gYSq8dL95QejkFXxvQNESH4I9WGHFI6iO+vhqEi5Q=
github.com/aws/aws-sdk-go-v2/internal/configsources v1.4.39 h1:YrEI22hVQcqMpq934ZoPQyJjGNzX4CGdrSDCjBD59sI=
github.com/aws/aws-sdk-go-v2/internal/configsources v1.4.39/go.mod h1:N8qOX83LkaCeizvrfiNjwkBOXkxHt6a74CiZn8qz9F8=
github.com/aws/aws-sdk-go-v2/internal/endpoints/v2 v2.7.39 h1:Vo7UZzBjB6zS6feEOuBlpEgaj8iBTdiNlye+7w9ooGo=
github.com/aws/aws-sdk-go-v2/internal/endpoints/v2 v2.7.39/go.mod h1:JgxtAO/77e95Rs9WMWUzz99hT182gqdAh7/DHuEMA/k=
github.com/aws/aws-sdk-go-v2/service/ebs v1.36.8 h1:/uDoAn/bJXUszbYplicOfuLpdVzYnfLQpbZXzbpgxvQ=
github.com/aws/aws-sdk-go-v2/service/ebs v1.36.8/go.mod h1:gx7smqln+u3hX4GdXhaluZGDZUvHS0bEtuNt+Xb7buw=
github.com/aws/smithy-go v1.27.10 h1:bw56MIx8bhTQZSdzucEJSKWLpwX0ju7hU8cVoa75dg8=
github.com/aws/smithy-go v1.27.10/go.mod h1:YE2RhdIuDbA5E5bTdciG9KrW3+TiEONeUWCqxX9i1Fc=
